// !$*UTF8*$!
{
	archiveVersion = 1;
	classes = {
	};
	objectVersion = 55;
	objects = {

/* Begin PBXFileReference section */
		D0006D0527D5B04D003279B6 /* weka.png */ = {isa = PBXFileReference; lastKnownFileType = image.png; path = weka.png; sourceTree = "<group>"; };
		D0006D0627D5B1C7003279B6 /* fpcode.png */ = {isa = PBXFileReference; lastKnownFileType = image.png; path = fpcode.png; sourceTree = "<group>"; };
		D01FD55327CDC6DB00FFDAED /* physicsia.png */ = {isa = PBXFileReference; lastKnownFileType = image.png; path = physicsia.png; sourceTree = "<group>"; };
		D01FD55427CDC7EE00FFDAED /* mathsol.png */ = {isa = PBXFileReference; lastKnownFileType = image.png; path = mathsol.png; sourceTree = "<group>"; };
		D01FD55527CDC85300FFDAED /* mathquestion.png */ = {isa = PBXFileReference; lastKnownFileType = image.png; path = mathquestion.png; sourceTree = "<group>"; };
		D020152027D8E4040082536E /* spfpanel.png */ = {isa = PBXFileReference; lastKnownFileType = image.png; path = spfpanel.png; sourceTree = "<group>"; };
		D0828EF327DB0F9200BA6318 /* solarpanel.png */ = {isa = PBXFileReference; lastKnownFileType = image.png; path = solarpanel.png; sourceTree = "<group>"; };
		D0B9D93B27D06C9A000045A5 /* mathiadiag.png */ = {isa = PBXFileReference; lastKnownFileType = image.png; path = mathiadiag.png; sourceTree = "<group>"; };
		D0B9D93C27D06EC3000045A5 /* sbadvert.png */ = {isa = PBXFileReference; lastKnownFileType = image.png; path = sbadvert.png; sourceTree = "<group>"; };
		D0CAF2C227C72FEA00F8BF52 /* cl.md */ = {isa = PBXFileReference; lastKnownFileType = net.daringfireball.markdown; path = cl.md; sourceTree = "<group>"; };
		D0CAF2C427C730DB00F8BF52 /* crit.md */ = {isa = PBXFileReference; lastKnownFileType = net.daringfireball.markdown; path = crit.md; sourceTree = "<group>"; };
		D0CAF2C527C730EF00F8BF52 /* cret.md */ = {isa = PBXFileReference; lastKnownFileType = net.daringfireball.markdown; path = cret.md; sourceTree = "<group>"; };
		D0CAF2C627C730FB00F8BF52 /* pd.md */ = {isa = PBXFileReference; lastKnownFileType = net.daringfireball.markdown; path = pd.md; sourceTree = "<group>"; };
		D0CAF2C827C734F100F8BF52 /* circuitea.png */ = {isa = PBXFileReference; lastKnownFileType = image.png; path = circuitea.png; sourceTree = "<group>"; };
		D0F2271D272285860048D41C /* mkdocs.yml */ = {isa = PBXFileReference; fileEncoding = 4; lastKnownFileType = text.yaml; path = mkdocs.yml; sourceTree = "<group>"; };
		D0F2271F272285860048D41C /* index.md */ = {isa = PBXFileReference; fileEncoding = 4; lastKnownFileType = net.daringfireball.markdown; path = index.md; sourceTree = "<group>"; };
/* End PBXFileReference section */

/* Begin PBXGroup section */
		D0CAF2C127C72FCF00F8BF52 /* impacts */ = {
			isa = PBXGroup;
			children = (
				D0CAF2C227C72FEA00F8BF52 /* cl.md */,
				D0CAF2C427C730DB00F8BF52 /* crit.md */,
				D0CAF2C527C730EF00F8BF52 /* cret.md */,
				D0CAF2C627C730FB00F8BF52 /* pd.md */,
			);
			path = impacts;
			sourceTree = "<group>";
		};
		D0CAF2C727C7323B00F8BF52 /* images */ = {
			isa = PBXGroup;
			children = (
				D0006D0627D5B1C7003279B6 /* fpcode.png */,
				D0006D0527D5B04D003279B6 /* weka.png */,
				D0CAF2C827C734F100F8BF52 /* circuitea.png */,
				D01FD55327CDC6DB00FFDAED /* physicsia.png */,
				D01FD55527CDC85300FFDAED /* mathquestion.png */,
				D01FD55427CDC7EE00FFDAED /* mathsol.png */,
				D0B9D93B27D06C9A000045A5 /* mathiadiag.png */,
				D0B9D93C27D06EC3000045A5 /* sbadvert.png */,
				D020152027D8E4040082536E /* spfpanel.png */,
				D0828EF327DB0F9200BA6318 /* solarpanel.png */,
			);
			path = images;
			sourceTree = "<group>";
		};
		D0F227122722854E0048D41C = {
			isa = PBXGroup;
			children = (
				D0F2271E272285860048D41C /* docs */,
				D0F2271D272285860048D41C /* mkdocs.yml */,
			);
			sourceTree = "<group>";
		};
		D0F2271E272285860048D41C /* docs */ = {
			isa = PBXGroup;
			children = (
				D0F2271F272285860048D41C /* index.md */,
				D0CAF2C727C7323B00F8BF52 /* images */,
				D0CAF2C127C72FCF00F8BF52 /* impacts */,
			);
			path = docs;
			sourceTree = "<group>";
		};
/* End PBXGroup section */

/* Begin PBXLegacyTarget section */
		D0F227172722854E0048D41C /* Serve */ = {
			isa = PBXLegacyTarget;
			buildArgumentsString = "$(ACTION)";
			buildConfigurationList = D0F2271A2722854E0048D41C /* Build configuration list for PBXLegacyTarget "Serve" */;
			buildPhases = (
			);
			buildToolPath = /usr/bin/mkdocs;
			buildWorkingDirectory = "";
			dependencies = (
			);
			name = Serve;
			passBuildSettingsInEnvironment = 1;
			productName = "Portfolio Website";
		};
/* End PBXLegacyTarget section */

/* Begin PBXProject section */
		D0F227132722854E0048D41C /* Project object */ = {
			isa = PBXProject;
			attributes = {
				BuildIndependentTargetsInParallel = 1;
				LastUpgradeCheck = 1300;
				TargetAttributes = {
					D0F227172722854E0048D41C = {
						CreatedOnToolsVersion = 13.0;
					};
				};
			};
			buildConfigurationList = D0F227162722854E0048D41C /* Build configuration list for PBXProject "Portfolio Website" */;
			compatibilityVersion = "Xcode 13.0";
			developmentRegion = en;
			hasScannedForEncodings = 0;
			knownRegions = (
				en,
				Base,
			);
			mainGroup = D0F227122722854E0048D41C;
			projectDirPath = "";
			projectRoot = "";
			targets = (
				D0F227172722854E0048D41C /* Serve */,
			);
		};
/* End PBXProject section */

/* Begin XCBuildConfiguration section */
		D0F227182722854E0048D41C /* Debug */ = {
			isa = XCBuildConfiguration;
			buildSettings = {
				ALWAYS_SEARCH_USER_PATHS = NO;
				CLANG_ANALYZER_NONNULL = YES;
				CLANG_ANALYZER_NUMBER_OBJECT_CONVERSION = YES_AGGRESSIVE;
				CLANG_CXX_LANGUAGE_STANDARD = "gnu++17";
				CLANG_CXX_LIBRARY = "libc++";
				CLANG_ENABLE_MODULES = YES;
				CLANG_ENABLE_OBJC_ARC = YES;
				CLANG_ENABLE_OBJC_WEAK = YES;
				CLANG_WARN_BLOCK_CAPTURE_AUTORELEASING = YES;
				CLANG_WARN_BOOL_CONVERSION = YES;
				CLANG_WARN_COMMA = YES;
				CLANG_WARN_CONSTANT_CONVERSION = YES;
				CLANG_WARN_DEPRECATED_OBJC_IMPLEMENTATIONS = YES;
				CLANG_WARN_DIRECT_OBJC_ISA_USAGE = YES_ERROR;
				CLANG_WARN_DOCUMENTATION_COMMENTS = YES;
				CLANG_WARN_EMPTY_BODY = YES;
				CLANG_WARN_ENUM_CONVERSION = YES;
				CLANG_WARN_INFINITE_RECURSION = YES;
				CLANG_WARN_INT_CONVERSION = YES;
				CLANG_WARN_NON_LITERAL_NULL_CONVERSION = YES;
				CLANG_WARN_OBJC_IMPLICIT_RETAIN_SELF = YES;
				CLANG_WARN_OBJC_LITERAL_CONVERSION = YES;
				CLANG_WARN_OBJC_ROOT_CLASS = YES_ERROR;
				CLANG_WARN_QUOTED_INCLUDE_IN_FRAMEWORK_HEADER = YES;
				CLANG_WARN_RANGE_LOOP_ANALYSIS = YES;
				CLANG_WARN_STRICT_PROTOTYPES = YES;
				CLANG_WARN_SUSPICIOUS_MOVE = YES;
				CLANG_WARN_UNGUARDED_AVAILABILITY = YES_AGGRESSIVE;
				CLANG_WARN_UNREACHABLE_CODE = YES;
				CLANG_WARN__DUPLICATE_METHOD_MATCH = YES;
				COPY_PHASE_STRIP = NO;
				DEBUG_INFORMATION_FORMAT = dwarf;
				ENABLE_STRICT_OBJC_MSGSEND = YES;
				ENABLE_TESTABILITY = YES;
				GCC_C_LANGUAGE_STANDARD = gnu11;
				GCC_DYNAMIC_NO_PIC = NO;
				GCC_NO_COMMON_BLOCKS = YES;
				GCC_OPTIMIZATION_LEVEL = 0;
				GCC_PREPROCESSOR_DEFINITIONS = (
					"DEBUG=1",
					"$(inherited)",
				);
				GCC_WARN_64_TO_32_BIT_CONVERSION = YES;
				GCC_WARN_ABOUT_RETURN_TYPE = YES_ERROR;
				GCC_WARN_UNDECLARED_SELECTOR = YES;
				GCC_WARN_UNINITIALIZED_AUTOS = YES_AGGRESSIVE;
				GCC_WARN_UNUSED_FUNCTION = YES;
				GCC_WARN_UNUSED_VARIABLE = YES;
				MTL_ENABLE_DEBUG_INFO = INCLUDE_SOURCE;
				MTL_FAST_MATH = YES;
				ONLY_ACTIVE_ARCH = YES;
			};
			name = Debug;
		};
		D0F227192722854E0048D41C /* Release */ = {
			isa = XCBuildConfiguration;
			buildSettings = {
				ALWAYS_SEARCH_USER_PATHS = NO;
				CLANG_ANALYZER_NONNULL = YES;
				CLANG_ANALYZER_NUMBER_OBJECT_CONVERSION = YES_AGGRESSIVE;
				CLANG_CXX_LANGUAGE_STANDARD = "gnu++17";
				CLANG_CXX_LIBRARY = "libc++";
				CLANG_ENABLE_MODULES = YES;
				CLANG_ENABLE_OBJC_ARC = YES;
				CLANG_ENABLE_OBJC_WEAK = YES;
				CLANG_WARN_BLOCK_CAPTURE_AUTORELEASING = YES;
				CLANG_WARN_BOOL_CONVERSION = YES;
				CLANG_WARN_COMMA = YES;
				CLANG_WARN_CONSTANT_CONVERSION = YES;
				CLANG_WARN_DEPRECATED_OBJC_IMPLEMENTATIONS = YES;
				CLANG_WARN_DIRECT_OBJC_ISA_USAGE = YES_ERROR;
				CLANG_WARN_DOCUMENTATION_COMMENTS = YES;
				CLANG_WARN_EMPTY_BODY = YES;
				CLANG_WARN_ENUM_CONVERSION = YES;
				CLANG_WARN_INFINITE_RECURSION = YES;
				CLANG_WARN_INT_CONVERSION = YES;
				CLANG_WARN_NON_LITERAL_NULL_CONVERSION = YES;
				CLANG_WARN_OBJC_IMPLICIT_RETAIN_SELF = YES;
				CLANG_WARN_OBJC_LITERAL_CONVERSION = YES;
				CLANG_WARN_OBJC_ROOT_CLASS = YES_ERROR;
				CLANG_WARN_QUOTED_INCLUDE_IN_FRAMEWORK_HEADER = YES;
				CLANG_WARN_RANGE_LOOP_ANALYSIS = YES;
				CLANG_WARN_STRICT_PROTOTYPES = YES;
				CLANG_WARN_SUSPICIOUS_MOVE = YES;
				CLANG_WARN_UNGUARDED_AVAILABILITY = YES_AGGRESSIVE;
				CLANG_WARN_UNREACHABLE_CODE = YES;
				CLANG_WARN__DUPLICATE_METHOD_MATCH = YES;
				COPY_PHASE_STRIP = NO;
				DEBUG_INFORMATION_FORMAT = "dwarf-with-dsym";
				ENABLE_NS_ASSERTIONS = NO;
				ENABLE_STRICT_OBJC_MSGSEND = YES;
				GCC_C_LANGUAGE_STANDARD = gnu11;
				GCC_NO_COMMON_BLOCKS = YES;
				GCC_WARN_64_TO_32_BIT_CONVERSION = YES;
				GCC_WARN_ABOUT_RETURN_TYPE = YES_ERROR;
				GCC_WARN_UNDECLARED_SELECTOR = YES;
				GCC_WARN_UNINITIALIZED_AUTOS = YES_AGGRESSIVE;
				GCC_WARN_UNUSED_FUNCTION = YES;
				GCC_WARN_UNUSED_VARIABLE = YES;
				MTL_ENABLE_DEBUG_INFO = NO;
				MTL_FAST_MATH = YES;
			};
			name = Release;
		};
		D0F2271B2722854E0048D41C /* Debug */ = {
			isa = XCBuildConfiguration;
			buildSettings = {
			};
			name = Debug;
		};
		D0F2271C2722854E0048D41C /* Release */ = {
			isa = XCBuildConfiguration;
			buildSettings = {
			};
			name = Release;
		};
/* End XCBuildConfiguration section */

/* Begin XCConfigurationList section */
		D0F227162722854E0048D41C /* Build configuration list for PBXProject "Portfolio Website" */ = {
			isa = XCConfigurationList;
			buildConfigurations = (
				D0F227182722854E0048D41C /* Debug */,
				D0F227192722854E0048D41C /* Release */,
			);
			defaultConfigurationIsVisible = 0;
			defaultConfigurationName = Release;
		};
		D0F2271A2722854E0048D41C /* Build configuration list for PBXLegacyTarget "Serve" */ = {
			isa = XCConfigurationList;
			buildConfigurations = (
				D0F2271B2722854E0048D41C /* Debug */,
				D0F2271C2722854E0048D41C /* Release */,
			);
			defaultConfigurationIsVisible = 0;
			defaultConfigurationName = Release;
		};
/* End XCConfigurationList section */
	};
	rootObject = D0F227132722854E0048D41C /* Project object */;
}
